{
    "_meta": {
        "hash": {
            "sha256": "5d653bc2184184b0c61f52131817953b3e61a5811db0f8c412211eae8b55571e"
        },
        "pipfile-spec": 6,
        "requires": {
            "python_version": "3.13"
        },
        "sources": [
            {
                "name": "pypi",
                "url": "https://pypi.org/simple",
                "verify_ssl": true
            }
        ]
    },
    "default": {
        "asgiref": {
            "hashes": [
                "sha256:5f184dc43b7e763efe848065441eac62229c9f7b0475f41f80e207a114eda4ce",
                "sha256:e8667a091e69529631969fd45dc268fa79b99c92c5fcdda727757e52146ec133"
            ],
            "markers": "python_version >= '3.9'",
            "version": "==3.11.1"
        },
        "django": {
            "hashes": [
                "sha256:14359c809fc16e8f81fd2b59d7d348e4d2d799da6840b10522b6edf7b8afc1da",
                "sha256:8cfa2572b3f2768b2e84983cf3c4811877a01edb64e817986ec5d60751c113ac"
            ],
            "markers": "python_version >= '3.12'",
            "version": "==6.0.4"
        },
        "django-phonenumber-field": {
            "extras": [
                "phonenumberslite"
            ],
            "hashes": [
                "sha256:2b83e843dac35eec6a69880a166487235b737a71a1e38c9a52e5ad67d6996083",
                "sha256:7a1cb3a6456edb54d879f11ffa0acb227ded08c93b587035d0f28093f0e46511"
            ],
            "markers": "python_version >= '3.10'",
            "version": "==8.4.0"
        },
        "djangorestframework": {
            "hashes": [
                "sha256:a6def5f447fe78ff853bff1d47a3c59bf38f5434b031780b351b0c73a62db1a5",
                "sha256:c3c74dd3e83a5a3efc37b3c18d92bd6f86a6791c7b7d4dff62bb068500e76457"
            ],
            "index": "pypi",
            "markers": "python_version >= '3.10'",
            "version": "==3.17.1"
        },
        "phonenumberslite": {
            "hashes": [
                "sha256:ce6cedcdcac214f4bdee0cb88df5c49c020435c82a2f22c7a536887e061a1129",
                "sha256:ed6d00d17a0e3583101dd4060ae4eac0dc9bf8bcb0daaa7fd3a55d5d36806ff2"
            ],
            "markers": "python_version >= '2.5'",
            "version": "==9.0.28"
        },
        "sqlparse": {
            "hashes": [
                "sha256:12a08b3bf3eec877c519589833aed092e2444e68240a3577e8e26148acc7b1ba",
                "sha256:e20d4a9b0b8585fdf63b10d30066c7c94c5d7a7ec47c889a2d83a3caa93ff28e"
            ],
            "markers": "python_version >= '3.8'",
            "version": "==0.5.5"
        }
    },
    "develop": {}
}
