speakeasyVersion: 1.764.1
sources:
    fstop-oas:
        sourceNamespace: fstop-oas
        sourceRevisionDigest: sha256:6b4a0cdf5f45536a6bb4a1170e464cba9feee48c809c6d0544884c9786ee2a59
        sourceBlobDigest: sha256:7520d4a02f73a1a18c25c35928eae7d4a2ebad0f6c6a16865cec54d0f15c378a
        tags:
            - latest
            - 1.0.0
targets:
    fstop-python-sdk:
        source: fstop-oas
        sourceNamespace: fstop-oas
        sourceRevisionDigest: sha256:6b4a0cdf5f45536a6bb4a1170e464cba9feee48c809c6d0544884c9786ee2a59
        sourceBlobDigest: sha256:7520d4a02f73a1a18c25c35928eae7d4a2ebad0f6c6a16865cec54d0f15c378a
        codeSamplesNamespace: fstop-oas-python-code-samples
        codeSamplesRevisionDigest: sha256:2c871ce711aaed64f35bc19611ab9e983b6052ed77d05e39897d001dbc52388b
workflow:
    workflowVersion: 1.0.0
    speakeasyVersion: latest
    sources:
        fstop-oas:
            inputs:
                - location: schema.yml
            registry:
                location: registry.speakeasyapi.dev/fstop/fstop-api/fstop-oas
    targets:
        fstop-python-sdk:
            target: python
            source: fstop-oas
            output: ../fstop-sdk-python
            codeSamples:
                registry:
                    location: registry.speakeasyapi.dev/fstop/fstop-api/fstop-oas-python-code-samples
                labelOverride:
                    fixedValue: Python (SDK)
                blocking: false
