speakeasyVersion: 1.791.0
sources:
    fstop-oas:
        sourceNamespace: fstop-oas
        sourceRevisionDigest: sha256:b5baa9e7a5fb78d0279a31387f04c150bd3ee6d178ba3e0858150df711d3548f
        sourceBlobDigest: sha256:1f1aa6eea1958fa55ef378afd8b42da3f9f9e9c7517d5d658a0a97c2a0bbcf03
        tags:
            - latest
            - 1.0.0
targets:
    fstop-python-sdk:
        source: fstop-oas
        sourceNamespace: fstop-oas
        sourceRevisionDigest: sha256:b5baa9e7a5fb78d0279a31387f04c150bd3ee6d178ba3e0858150df711d3548f
        sourceBlobDigest: sha256:1f1aa6eea1958fa55ef378afd8b42da3f9f9e9c7517d5d658a0a97c2a0bbcf03
        codeSamplesNamespace: fstop-oas-python-code-samples
        codeSamplesRevisionDigest: sha256:ce917a383bf57d4a4649d5eefd92cbe202dbb77740769c4af73addb36797e12f
workflow:
    workflowVersion: 1.0.0
    speakeasyVersion: latest
    sources:
        fstop-oas:
            inputs:
                - location: schema.yml
            registry:
                location: registry.speakeasyapi.dev/fstop/fstop-api/fstop-oas
    targets:
        fstop-python-sdk:
            target: python
            source: fstop-oas
            output: ../fstop-sdk-python
            codeSamples:
                registry:
                    location: registry.speakeasyapi.dev/fstop/fstop-api/fstop-oas-python-code-samples
                labelOverride:
                    fixedValue: Python (SDK)
                blocking: false
